
Microsoft Visual Studio Solution File, Format Version 12.00
# Visual Studio Version 17
VisualStudioVersion = 17.14.36518.9 d17.14
MinimumVisualStudioVersion = 10.0.40219.1
Project("{FAE04EC0-301F-11D3-BF4B-00C04F79EFBC}") = "SnippetMgr", "SnippetMgr\SnippetMgr.csproj", "{CED33666-73ED-456A-8975-E9F6642710E4}"
EndProject
Global
	GlobalSection(SolutionConfigurationPlatforms) = preSolution
		Debug|Any CPU = Debug|Any CPU
		Release|Any CPU = Release|Any CPU
	EndGlobalSection
	GlobalSection(ProjectConfigurationPlatforms) = postSolution
		{CED33666-73ED-456A-8975-E9F6642710E4}.Debug|Any CPU.ActiveCfg = Debug|Any CPU
		{CED33666-73ED-456A-8975-E9F6642710E4}.Debug|Any CPU.Build.0 = Debug|Any CPU
		{CED33666-73ED-456A-8975-E9F6642710E4}.Release|Any CPU.ActiveCfg = Release|Any CPU
		{CED33666-73ED-456A-8975-E9F6642710E4}.Release|Any CPU.Build.0 = Release|Any CPU
	EndGlobalSection
	GlobalSection(SolutionProperties) = preSolution
		HideSolutionNode = FALSE
	EndGlobalSection
	GlobalSection(ExtensibilityGlobals) = postSolution
		SolutionGuid = {928B9781-6382-489E-AA2A-C2AFE76CC40D}
	EndGlobalSection
EndGlobal
